
Microsoft Visual Studio Solution File, Format Version 12.00
# Visual Studio 15
VisualStudioVersion = 15.0.26228.4
MinimumVisualStudioVersion = 10.0.40219.1
Project("{FAE04EC0-301F-11D3-BF4B-00C04F79EFBC}") = "QueryFirst", "QueryFirst\QueryFirst.csproj", "{B6A48B04-12DB-43CE-8FAD-B07BBB0198A6}"
EndProject
Project("{FAE04EC0-301F-11D3-BF4B-00C04F79EFBC}") = "QueryFirstQueryTemplate", "QueryFirstQueryTemplate\QueryFirstQueryTemplate.csproj", "{2D6B875E-27AB-401A-8D5F-0F085DE4CE0E}"
EndProject
Project("{FAE04EC0-301F-11D3-BF4B-00C04F79EFBC}") = "QueryFirstTests", "QueryFirstTests\QueryFirstTests.csproj", "{F99B0827-B712-4D27-B908-2AD49BDDC8BD}"
EndProject
Global
	GlobalSection(SolutionConfigurationPlatforms) = preSolution
		Debug|Any CPU = Debug|Any CPU
		Release|Any CPU = Release|Any CPU
	EndGlobalSection
	GlobalSection(ProjectConfigurationPlatforms) = postSolution
		{B6A48B04-12DB-43CE-8FAD-B07BBB0198A6}.Debug|Any CPU.ActiveCfg = Debug|Any CPU
		{B6A48B04-12DB-43CE-8FAD-B07BBB0198A6}.Debug|Any CPU.Build.0 = Debug|Any CPU
		{B6A48B04-12DB-43CE-8FAD-B07BBB0198A6}.Release|Any CPU.ActiveCfg = Release|Any CPU
		{B6A48B04-12DB-43CE-8FAD-B07BBB0198A6}.Release|Any CPU.Build.0 = Release|Any CPU
		{2D6B875E-27AB-401A-8D5F-0F085DE4CE0E}.Debug|Any CPU.ActiveCfg = Debug|Any CPU
		{2D6B875E-27AB-401A-8D5F-0F085DE4CE0E}.Debug|Any CPU.Build.0 = Debug|Any CPU
		{2D6B875E-27AB-401A-8D5F-0F085DE4CE0E}.Release|Any CPU.ActiveCfg = Release|Any CPU
		{2D6B875E-27AB-401A-8D5F-0F085DE4CE0E}.Release|Any CPU.Build.0 = Release|Any CPU
		{F99B0827-B712-4D27-B908-2AD49BDDC8BD}.Debug|Any CPU.ActiveCfg = Debug|Any CPU
		{F99B0827-B712-4D27-B908-2AD49BDDC8BD}.Debug|Any CPU.Build.0 = Debug|Any CPU
		{F99B0827-B712-4D27-B908-2AD49BDDC8BD}.Release|Any CPU.ActiveCfg = Release|Any CPU
		{F99B0827-B712-4D27-B908-2AD49BDDC8BD}.Release|Any CPU.Build.0 = Release|Any CPU
	EndGlobalSection
	GlobalSection(SolutionProperties) = preSolution
		HideSolutionNode = FALSE
	EndGlobalSection
EndGlobal
